
Microsoft Visual Studio Solution File, Format Version 12.00
# Visual Studio Version 17
VisualStudioVersion = 17.3.32901.215
MinimumVisualStudioVersion = 10.0.40219.1
Project("{2150E333-8FDC-42A3-9474-1A3956D46DE8}") = "src", "src", "{2FE37630-3D19-4624-BEA2-38DA3986334D}"
EndProject
Project("{2150E333-8FDC-42A3-9474-1A3956D46DE8}") = "core", "core", "{034D5723-8816-489B-886E-14B02A92AD30}"
EndProject
Project("{9A19103F-16F7-4668-BE54-9A1E7A4F7556}") = "Core.Application", "src\corePackages\Core.Application\Core.Application.csproj", "{C2D4E4F1-C955-41BA-9B16-2830DE41EB59}"
EndProject
Project("{9A19103F-16F7-4668-BE54-9A1E7A4F7556}") = "Core.CrossCuttingConcerns", "src\corePackages\Core.CrossCuttingConcers\Core.CrossCuttingConcerns.csproj", "{789AB0EB-1577-4B91-86F6-F19DC2A4E65F}"
EndProject
Project("{9A19103F-16F7-4668-BE54-9A1E7A4F7556}") = "Core.Persistence", "src\corePackages\Core.Persistence\Core.Persistence.csproj", "{30F9D86B-1489-47BC-8310-220BAEDB4560}"
EndProject
Project("{9A19103F-16F7-4668-BE54-9A1E7A4F7556}") = "Core.Security", "src\corePackages\Core.Security\Core.Security.csproj", "{185D5C1D-410A-4C2A-B2A3-3510C5B0CBAE}"
EndProject
Project("{9A19103F-16F7-4668-BE54-9A1E7A4F7556}") = "Core.ElasticSearch", "src\corePackages\Core.ElasticSearch\Core.ElasticSearch.csproj", "{1E2A2DB8-1E7B-4C3D-B441-F3726BADE65D}"
EndProject
Project("{9A19103F-16F7-4668-BE54-9A1E7A4F7556}") = "Core.Mailing", "src\corePackages\Core.Mailing\Core.Mailing.csproj", "{54B7578F-CAF5-4A5B-9C27-7866BCA1B906}"
EndProject
Project("{2150E333-8FDC-42A3-9474-1A3956D46DE8}") = "hireCoder", "hireCoder", "{BF6D9DBF-22E1-4238-8D65-40FC2FD1DC6E}"
EndProject
Project("{9A19103F-16F7-4668-BE54-9A1E7A4F7556}") = "Application", "src\hireCoder\Application\Application.csproj", "{E27AF3CB-FDC6-43EF-A8B0-C45AEED0858E}"
EndProject
Project("{9A19103F-16F7-4668-BE54-9A1E7A4F7556}") = "Persistence", "src\hireCoder\Persistence\Persistence.csproj", "{7130C900-92B3-42DA-92D6-5A3E0E21BDB6}"
EndProject
Project("{9A19103F-16F7-4668-BE54-9A1E7A4F7556}") = "Domain", "src\hireCoder\Domain\Domain.csproj", "{B264902D-6AAA-4FFB-BB2C-B696B33A8E14}"
EndProject
Project("{9A19103F-16F7-4668-BE54-9A1E7A4F7556}") = "Infrastructure", "src\hireCoder\Infrastructure\Infrastructure.csproj", "{34D8DA03-3781-4AB1-85DB-4FF6C338E999}"
EndProject
Project("{9A19103F-16F7-4668-BE54-9A1E7A4F7556}") = "WebAPI", "src\hireCoder\WebAPI\WebAPI.csproj", "{3BB8F330-ECF3-4301-8D7C-FAFB1F7523E5}"
EndProject
Global
	GlobalSection(SolutionConfigurationPlatforms) = preSolution
		Debug|Any CPU = Debug|Any CPU
		Release|Any CPU = Release|Any CPU
	EndGlobalSection
	GlobalSection(ProjectConfigurationPlatforms) = postSolution
		{C2D4E4F1-C955-41BA-9B16-2830DE41EB59}.Debug|Any CPU.ActiveCfg = Debug|Any CPU
		{C2D4E4F1-C955-41BA-9B16-2830DE41EB59}.Debug|Any CPU.Build.0 = Debug|Any CPU
		{C2D4E4F1-C955-41BA-9B16-2830DE41EB59}.Release|Any CPU.ActiveCfg = Release|Any CPU
		{C2D4E4F1-C955-41BA-9B16-2830DE41EB59}.Release|Any CPU.Build.0 = Release|Any CPU
		{789AB0EB-1577-4B91-86F6-F19DC2A4E65F}.Debug|Any CPU.ActiveCfg = Debug|Any CPU
		{789AB0EB-1577-4B91-86F6-F19DC2A4E65F}.Debug|Any CPU.Build.0 = Debug|Any CPU
		{789AB0EB-1577-4B91-86F6-F19DC2A4E65F}.Release|Any CPU.ActiveCfg = Release|Any CPU
		{789AB0EB-1577-4B91-86F6-F19DC2A4E65F}.Release|Any CPU.Build.0 = Release|Any CPU
		{30F9D86B-1489-47BC-8310-220BAEDB4560}.Debug|Any CPU.ActiveCfg = Debug|Any CPU
		{30F9D86B-1489-47BC-8310-220BAEDB4560}.Debug|Any CPU.Build.0 = Debug|Any CPU
		{30F9D86B-1489-47BC-8310-220BAEDB4560}.Release|Any CPU.ActiveCfg = Release|Any CPU
		{30F9D86B-1489-47BC-8310-220BAEDB4560}.Release|Any CPU.Build.0 = Release|Any CPU
		{185D5C1D-410A-4C2A-B2A3-3510C5B0CBAE}.Debug|Any CPU.ActiveCfg = Debug|Any CPU
		{185D5C1D-410A-4C2A-B2A3-3510C5B0CBAE}.Debug|Any CPU.Build.0 = Debug|Any CPU
		{185D5C1D-410A-4C2A-B2A3-3510C5B0CBAE}.Release|Any CPU.ActiveCfg = Release|Any CPU
		{185D5C1D-410A-4C2A-B2A3-3510C5B0CBAE}.Release|Any CPU.Build.0 = Release|Any CPU
		{1E2A2DB8-1E7B-4C3D-B441-F3726BADE65D}.Debug|Any CPU.ActiveCfg = Debug|Any CPU
		{1E2A2DB8-1E7B-4C3D-B441-F3726BADE65D}.Debug|Any CPU.Build.0 = Debug|Any CPU
		{1E2A2DB8-1E7B-4C3D-B441-F3726BADE65D}.Release|Any CPU.ActiveCfg = Release|Any CPU
		{1E2A2DB8-1E7B-4C3D-B441-F3726BADE65D}.Release|Any CPU.Build.0 = Release|Any CPU
		{54B7578F-CAF5-4A5B-9C27-7866BCA1B906}.Debug|Any CPU.ActiveCfg = Debug|Any CPU
		{54B7578F-CAF5-4A5B-9C27-7866BCA1B906}.Debug|Any CPU.Build.0 = Debug|Any CPU
		{54B7578F-CAF5-4A5B-9C27-7866BCA1B906}.Release|Any CPU.ActiveCfg = Release|Any CPU
		{54B7578F-CAF5-4A5B-9C27-7866BCA1B906}.Release|Any CPU.Build.0 = Release|Any CPU
		{E27AF3CB-FDC6-43EF-A8B0-C45AEED0858E}.Debug|Any CPU.ActiveCfg = Debug|Any CPU
		{E27AF3CB-FDC6-43EF-A8B0-C45AEED0858E}.Debug|Any CPU.Build.0 = Debug|Any CPU
		{E27AF3CB-FDC6-43EF-A8B0-C45AEED0858E}.Release|Any CPU.ActiveCfg = Release|Any CPU
		{E27AF3CB-FDC6-43EF-A8B0-C45AEED0858E}.Release|Any CPU.Build.0 = Release|Any CPU
		{7130C900-92B3-42DA-92D6-5A3E0E21BDB6}.Debug|Any CPU.ActiveCfg = Debug|Any CPU
		{7130C900-92B3-42DA-92D6-5A3E0E21BDB6}.Debug|Any CPU.Build.0 = Debug|Any CPU
		{7130C900-92B3-42DA-92D6-5A3E0E21BDB6}.Release|Any CPU.ActiveCfg = Release|Any CPU
		{7130C900-92B3-42DA-92D6-5A3E0E21BDB6}.Release|Any CPU.Build.0 = Release|Any CPU
		{B264902D-6AAA-4FFB-BB2C-B696B33A8E14}.Debug|Any CPU.ActiveCfg = Debug|Any CPU
		{B264902D-6AAA-4FFB-BB2C-B696B33A8E14}.Debug|Any CPU.Build.0 = Debug|Any CPU
		{B264902D-6AAA-4FFB-BB2C-B696B33A8E14}.Release|Any CPU.ActiveCfg = Release|Any CPU
		{B264902D-6AAA-4FFB-BB2C-B696B33A8E14}.Release|Any CPU.Build.0 = Release|Any CPU
		{34D8DA03-3781-4AB1-85DB-4FF6C338E999}.Debug|Any CPU.ActiveCfg = Debug|Any CPU
		{34D8DA03-3781-4AB1-85DB-4FF6C338E999}.Debug|Any CPU.Build.0 = Debug|Any CPU
		{34D8DA03-3781-4AB1-85DB-4FF6C338E999}.Release|Any CPU.ActiveCfg = Release|Any CPU
		{34D8DA03-3781-4AB1-85DB-4FF6C338E999}.Release|Any CPU.Build.0 = Release|Any CPU
		{3BB8F330-ECF3-4301-8D7C-FAFB1F7523E5}.Debug|Any CPU.ActiveCfg = Debug|Any CPU
		{3BB8F330-ECF3-4301-8D7C-FAFB1F7523E5}.Debug|Any CPU.Build.0 = Debug|Any CPU
		{3BB8F330-ECF3-4301-8D7C-FAFB1F7523E5}.Release|Any CPU.ActiveCfg = Release|Any CPU
		{3BB8F330-ECF3-4301-8D7C-FAFB1F7523E5}.Release|Any CPU.Build.0 = Release|Any CPU
	EndGlobalSection
	GlobalSection(SolutionProperties) = preSolution
		HideSolutionNode = FALSE
	EndGlobalSection
	GlobalSection(NestedProjects) = preSolution
		{034D5723-8816-489B-886E-14B02A92AD30} = {2FE37630-3D19-4624-BEA2-38DA3986334D}
		{C2D4E4F1-C955-41BA-9B16-2830DE41EB59} = {034D5723-8816-489B-886E-14B02A92AD30}
		{789AB0EB-1577-4B91-86F6-F19DC2A4E65F} = {034D5723-8816-489B-886E-14B02A92AD30}
		{30F9D86B-1489-47BC-8310-220BAEDB4560} = {034D5723-8816-489B-886E-14B02A92AD30}
		{185D5C1D-410A-4C2A-B2A3-3510C5B0CBAE} = {034D5723-8816-489B-886E-14B02A92AD30}
		{1E2A2DB8-1E7B-4C3D-B441-F3726BADE65D} = {034D5723-8816-489B-886E-14B02A92AD30}
		{54B7578F-CAF5-4A5B-9C27-7866BCA1B906} = {034D5723-8816-489B-886E-14B02A92AD30}
		{BF6D9DBF-22E1-4238-8D65-40FC2FD1DC6E} = {2FE37630-3D19-4624-BEA2-38DA3986334D}
		{E27AF3CB-FDC6-43EF-A8B0-C45AEED0858E} = {BF6D9DBF-22E1-4238-8D65-40FC2FD1DC6E}
		{7130C900-92B3-42DA-92D6-5A3E0E21BDB6} = {BF6D9DBF-22E1-4238-8D65-40FC2FD1DC6E}
		{B264902D-6AAA-4FFB-BB2C-B696B33A8E14} = {BF6D9DBF-22E1-4238-8D65-40FC2FD1DC6E}
		{34D8DA03-3781-4AB1-85DB-4FF6C338E999} = {BF6D9DBF-22E1-4238-8D65-40FC2FD1DC6E}
		{3BB8F330-ECF3-4301-8D7C-FAFB1F7523E5} = {BF6D9DBF-22E1-4238-8D65-40FC2FD1DC6E}
	EndGlobalSection
	GlobalSection(ExtensibilityGlobals) = postSolution
		SolutionGuid = {616ACBD0-BAE6-43E6-B331-BD45D4D2FB11}
	EndGlobalSection
EndGlobal
